<?xml version="1.0" encoding="utf-8"?>
<Project ToolsVersion="4.0" xmlns="http://schemas.microsoft.com/developer/msbuild/2003">
  <ItemGroup>
    <Filter Include="Исходные файлы">
      <UniqueIdentifier>{4FC737F1-C7A5-4376-A066-2A32D752A2FF}</UniqueIdentifier>
      <Extensions>cpp;c;cc;cxx;c++;cppm;ixx;def;odl;idl;hpj;bat;asm;asmx</Extensions>
    </Filter>
    <Filter Include="Файлы заголовков">
      <UniqueIdentifier>{93995380-89BD-4b04-88EB-625FBE52EBFB}</UniqueIdentifier>
      <Extensions>h;hh;hpp;hxx;h++;hm;inl;inc;ipp;xsd</Extensions>
    </Filter>
    <Filter Include="Файлы ресурсов">
      <UniqueIdentifier>{67DA6AB6-F800-4c08-8B7A-83BB121AAD01}</UniqueIdentifier>
      <Extensions>rc;ico;cur;bmp;dlg;rc2;rct;bin;rgs;gif;jpg;jpeg;jpe;resx;tiff;tif;png;wav;mfcribbon-ms</Extensions>
    </Filter>
  </ItemGroup>
  <ItemGroup>
    <ClCompile Include="OpenGl_RGZ.cpp">
      <Filter>Исходные файлы</Filter>
    </ClCompile>
    <ClCompile Include="lighting_and_textures.cpp">
      <Filter>Файлы ресурсов</Filter>
    </ClCompile>
    <ClCompile Include="view_and_projection.cpp">
      <Filter>Файлы ресурсов</Filter>
    </ClCompile>
    <ClCompile Include="models.cpp">
      <Filter>Файлы ресурсов</Filter>
    </ClCompile>
    <ClCompile Include="src\SOIL.c">
      <Filter>Файлы ресурсов</Filter>
    </ClCompile>
    <ClCompile Include="src\image_helper.c">
      <Filter>Файлы ресурсов</Filter>
    </ClCompile>
    <ClCompile Include="src\image_DXT.c">
      <Filter>Файлы ресурсов</Filter>
    </ClCompile>
    <ClCompile Include="src\stb_image_aug.c">
      <Filter>Файлы ресурсов</Filter>
    </ClCompile>
    <ClCompile Include="src\test_SOIL.cpp">
      <Filter>Файлы ресурсов</Filter>
    </ClCompile>
    <ClCompile Include="mouse_keybord_move.cpp">
      <Filter>Файлы ресурсов</Filter>
    </ClCompile>
  </ItemGroup>
  <ItemGroup>
    <ClInclude Include="lighting_and_textures.h">
      <Filter>Файлы заголовков</Filter>
    </ClInclude>
    <ClInclude Include="view_and_projection.h">
      <Filter>Файлы заголовков</Filter>
    </ClInclude>
    <ClInclude Include="models.h">
      <Filter>Файлы заголовков</Filter>
    </ClInclude>
    <ClInclude Include="src\SOIL.h">
      <Filter>Файлы заголовков</Filter>
    </ClInclude>
    <ClInclude Include="src\image_DXT.h">
      <Filter>Файлы заголовков</Filter>
    </ClInclude>
    <ClInclude Include="src\image_helper.h">
      <Filter>Файлы заголовков</Filter>
    </ClInclude>
    <ClInclude Include="src\stb_image_aug.h">
      <Filter>Файлы заголовков</Filter>
    </ClInclude>
    <ClInclude Include="src\stbi_DDS_aug_c.h">
      <Filter>Файлы заголовков</Filter>
    </ClInclude>
    <ClInclude Include="mouse_keybord_move.h">
      <Filter>Файлы заголовков</Filter>
    </ClInclude>
  </ItemGroup>
  <ItemGroup>
    <Image Include="table.jpg">
      <Filter>Исходные файлы</Filter>
    </Image>
    <Image Include="table.bmp">
      <Filter>Исходные файлы</Filter>
    </Image>
    <Image Include="checkers.bmp">
      <Filter>Исходные файлы</Filter>
    </Image>
    <Image Include="white.bmp">
      <Filter>Исходные файлы</Filter>
    </Image>
    <Image Include="red.bmp">
      <Filter>Исходные файлы</Filter>
    </Image>
  </ItemGroup>
</Project>