
Microsoft Visual Studio Solution File, Format Version 12.00
# Visual Studio Version 17
VisualStudioVersion = 17.10.35027.167
MinimumVisualStudioVersion = 10.0.40219.1
Project("{8BC9CEB8-8B4A-11D0-8D11-00A0C91BC942}") = "test_shellcode_2", "test_shellcode_2.vcxproj", "{58C5C90A-33DC-4271-A74F-3EA48DCBA782}"
EndProject
Global
	GlobalSection(SolutionConfigurationPlatforms) = preSolution
		Debug|x64 = Debug|x64
		Debug|x86 = Debug|x86
		Release|x64 = Release|x64
		Release|x86 = Release|x86
	EndGlobalSection
	GlobalSection(ProjectConfigurationPlatforms) = postSolution
		{58C5C90A-33DC-4271-A74F-3EA48DCBA782}.Debug|x64.ActiveCfg = Debug|x64
		{58C5C90A-33DC-4271-A74F-3EA48DCBA782}.Debug|x64.Build.0 = Debug|x64
		{58C5C90A-33DC-4271-A74F-3EA48DCBA782}.Debug|x86.ActiveCfg = Debug|Win32
		{58C5C90A-33DC-4271-A74F-3EA48DCBA782}.Debug|x86.Build.0 = Debug|Win32
		{58C5C90A-33DC-4271-A74F-3EA48DCBA782}.Release|x64.ActiveCfg = Release|x64
		{58C5C90A-33DC-4271-A74F-3EA48DCBA782}.Release|x64.Build.0 = Release|x64
		{58C5C90A-33DC-4271-A74F-3EA48DCBA782}.Release|x86.ActiveCfg = Release|Win32
		{58C5C90A-33DC-4271-A74F-3EA48DCBA782}.Release|x86.Build.0 = Release|Win32
	EndGlobalSection
	GlobalSection(SolutionProperties) = preSolution
		HideSolutionNode = FALSE
	EndGlobalSection
	GlobalSection(ExtensibilityGlobals) = postSolution
		SolutionGuid = {942722D1-F1BF-4649-9D7A-D51A2AD6626D}
	EndGlobalSection
EndGlobal
